
Microsoft Visual Studio Solution File, Format Version 12.00
# Visual Studio Version 17
VisualStudioVersion = 17.2.32616.157
MinimumVisualStudioVersion = 10.0.40219.1
Project("{FAE04EC0-301F-11D3-BF4B-00C04F79EFBC}") = "CLSMTPUtil", "CLSMTPUtil.csproj", "{D4493AF4-8678-4691-84A8-46B6717F01D0}"
EndProject
Global
	GlobalSection(SolutionConfigurationPlatforms) = preSolution
		Debug|Any CPU = Debug|Any CPU
		Release|Any CPU = Release|Any CPU
	EndGlobalSection
	GlobalSection(ProjectConfigurationPlatforms) = postSolution
		{D4493AF4-8678-4691-84A8-46B6717F01D0}.Debug|Any CPU.ActiveCfg = Debug|Any CPU
		{D4493AF4-8678-4691-84A8-46B6717F01D0}.Debug|Any CPU.Build.0 = Debug|Any CPU
		{D4493AF4-8678-4691-84A8-46B6717F01D0}.Release|Any CPU.ActiveCfg = Release|Any CPU
		{D4493AF4-8678-4691-84A8-46B6717F01D0}.Release|Any CPU.Build.0 = Release|Any CPU
	EndGlobalSection
	GlobalSection(SolutionProperties) = preSolution
		HideSolutionNode = FALSE
	EndGlobalSection
	GlobalSection(ExtensibilityGlobals) = postSolution
		SolutionGuid = {32F650F0-4F37-49E3-A817-63460E69C2EC}
	EndGlobalSection
EndGlobal
